
Microsoft Visual Studio Solution File, Format Version 12.00
# Visual Studio Version 16
VisualStudioVersion = 16.0.31729.503
MinimumVisualStudioVersion = 10.0.40219.1
Project("{FAE04EC0-301F-11D3-BF4B-00C04F79EFBC}") = "animacion2d", "animacion2d\animacion2d.csproj", "{4C2FCB5A-1A85-4A70-A2B5-C2921578E21B}"
EndProject
Global
	GlobalSection(SolutionConfigurationPlatforms) = preSolution
		Debug|Any CPU = Debug|Any CPU
		Release|Any CPU = Release|Any CPU
	EndGlobalSection
	GlobalSection(ProjectConfigurationPlatforms) = postSolution
		{4C2FCB5A-1A85-4A70-A2B5-C2921578E21B}.Debug|Any CPU.ActiveCfg = Debug|Any CPU
		{4C2FCB5A-1A85-4A70-A2B5-C2921578E21B}.Debug|Any CPU.Build.0 = Debug|Any CPU
		{4C2FCB5A-1A85-4A70-A2B5-C2921578E21B}.Release|Any CPU.ActiveCfg = Release|Any CPU
		{4C2FCB5A-1A85-4A70-A2B5-C2921578E21B}.Release|Any CPU.Build.0 = Release|Any CPU
	EndGlobalSection
	GlobalSection(SolutionProperties) = preSolution
		HideSolutionNode = FALSE
	EndGlobalSection
	GlobalSection(ExtensibilityGlobals) = postSolution
		SolutionGuid = {BE9B5963-8E8C-465B-87AA-500430DF60A2}
	EndGlobalSection
EndGlobal
